
Microsoft Visual Studio Solution File, Format Version 12.00
# Visual Studio Version 17
VisualStudioVersion = 17.0.31912.275
MinimumVisualStudioVersion = 10.0.40219.1
Project("{FAE04EC0-301F-11D3-BF4B-00C04F79EFBC}") = "Lab11TicTacToe", "Lab11TicTacToe.csproj", "{BA83FC5B-5AFB-42AE-949D-A9C1DC534B0C}"
EndProject
Global
	GlobalSection(SolutionConfigurationPlatforms) = preSolution
		Debug|Any CPU = Debug|Any CPU
		Release|Any CPU = Release|Any CPU
	EndGlobalSection
	GlobalSection(ProjectConfigurationPlatforms) = postSolution
		{BA83FC5B-5AFB-42AE-949D-A9C1DC534B0C}.Debug|Any CPU.ActiveCfg = Debug|Any CPU
		{BA83FC5B-5AFB-42AE-949D-A9C1DC534B0C}.Debug|Any CPU.Build.0 = Debug|Any CPU
		{BA83FC5B-5AFB-42AE-949D-A9C1DC534B0C}.Release|Any CPU.ActiveCfg = Release|Any CPU
		{BA83FC5B-5AFB-42AE-949D-A9C1DC534B0C}.Release|Any CPU.Build.0 = Release|Any CPU
	EndGlobalSection
	GlobalSection(SolutionProperties) = preSolution
		HideSolutionNode = FALSE
	EndGlobalSection
	GlobalSection(ExtensibilityGlobals) = postSolution
		SolutionGuid = {4A6797C5-B086-4885-A337-394207FFDF67}
	EndGlobalSection
EndGlobal
