
Microsoft Visual Studio Solution File, Format Version 12.00
# Visual Studio Version 17
VisualStudioVersion = 17.0.31903.59
MinimumVisualStudioVersion = 10.0.40219.1
Project("{FAE04EC0-301F-11D3-BF4B-00C04F79EFBC}") = "LabFinalTest", "LabFinalTest.csproj", "{04573537-2DBB-4BB9-B5C9-59A574E24A7A}"
EndProject
Global
	GlobalSection(SolutionConfigurationPlatforms) = preSolution
		Debug|Any CPU = Debug|Any CPU
		Release|Any CPU = Release|Any CPU
	EndGlobalSection
	GlobalSection(ProjectConfigurationPlatforms) = postSolution
		{04573537-2DBB-4BB9-B5C9-59A574E24A7A}.Debug|Any CPU.ActiveCfg = Debug|Any CPU
		{04573537-2DBB-4BB9-B5C9-59A574E24A7A}.Debug|Any CPU.Build.0 = Debug|Any CPU
		{04573537-2DBB-4BB9-B5C9-59A574E24A7A}.Release|Any CPU.ActiveCfg = Release|Any CPU
		{04573537-2DBB-4BB9-B5C9-59A574E24A7A}.Release|Any CPU.Build.0 = Release|Any CPU
	EndGlobalSection
	GlobalSection(SolutionProperties) = preSolution
		HideSolutionNode = FALSE
	EndGlobalSection
	GlobalSection(ExtensibilityGlobals) = postSolution
		SolutionGuid = {1885415A-F36D-4810-81BF-0B49E5F68B1A}
	EndGlobalSection
EndGlobal
