
Microsoft Visual Studio Solution File, Format Version 12.00
# Visual Studio Version 17
VisualStudioVersion = 17.0.31903.59
MinimumVisualStudioVersion = 10.0.40219.1
Project("{FAE04EC0-301F-11D3-BF4B-00C04F79EFBC}") = "Pharmacy Management System", "Pharmacy Management System.csproj", "{698FA16F-16A4-45CC-823E-FD439F56B026}"
EndProject
Global
	GlobalSection(SolutionConfigurationPlatforms) = preSolution
		Debug|Any CPU = Debug|Any CPU
		Release|Any CPU = Release|Any CPU
	EndGlobalSection
	GlobalSection(ProjectConfigurationPlatforms) = postSolution
		{698FA16F-16A4-45CC-823E-FD439F56B026}.Debug|Any CPU.ActiveCfg = Debug|Any CPU
		{698FA16F-16A4-45CC-823E-FD439F56B026}.Debug|Any CPU.Build.0 = Debug|Any CPU
		{698FA16F-16A4-45CC-823E-FD439F56B026}.Release|Any CPU.ActiveCfg = Release|Any CPU
		{698FA16F-16A4-45CC-823E-FD439F56B026}.Release|Any CPU.Build.0 = Release|Any CPU
	EndGlobalSection
	GlobalSection(SolutionProperties) = preSolution
		HideSolutionNode = FALSE
	EndGlobalSection
	GlobalSection(ExtensibilityGlobals) = postSolution
		SolutionGuid = {76ECA08C-FC1A-4557-95B0-1F9675474C7C}
	EndGlobalSection
EndGlobal
